
Microsoft Visual Studio Solution File, Format Version 12.00
# Visual Studio 2017
Project("{FAE04EC0-301F-11D3-BF4B-00C04F79EFBC}") = "3D-RPG.Plugins", "3D-RPG.Plugins.csproj", "{7BBABA44-F828-00BD-4B00-90CA50C2F823}"
EndProject
Project("{FAE04EC0-301F-11D3-BF4B-00C04F79EFBC}") = "3D-RPG", "3D-RPG.csproj", "{F95154FC-1ED1-C08C-4737-9D76670F4F50}"
EndProject
Project("{FAE04EC0-301F-11D3-BF4B-00C04F79EFBC}") = "3D-RPG.Editor.Plugins", "3D-RPG.Editor.Plugins.csproj", "{F50DF520-5B63-BC52-D50C-A753D20D2361}"
EndProject
Global
	GlobalSection(SolutionConfigurationPlatforms) = preSolution
		Debug|Any CPU = Debug|Any CPU
		Release|Any CPU = Release|Any CPU
	EndGlobalSection
	GlobalSection(ProjectConfigurationPlatforms) = postSolution
		{7BBABA44-F828-00BD-4B00-90CA50C2F823}.Debug|Any CPU.ActiveCfg = Debug|Any CPU
		{7BBABA44-F828-00BD-4B00-90CA50C2F823}.Debug|Any CPU.Build.0 = Debug|Any CPU
		{7BBABA44-F828-00BD-4B00-90CA50C2F823}.Release|Any CPU.ActiveCfg = Release|Any CPU
		{7BBABA44-F828-00BD-4B00-90CA50C2F823}.Release|Any CPU.Build.0 = Release|Any CPU
		{F95154FC-1ED1-C08C-4737-9D76670F4F50}.Debug|Any CPU.ActiveCfg = Debug|Any CPU
		{F95154FC-1ED1-C08C-4737-9D76670F4F50}.Debug|Any CPU.Build.0 = Debug|Any CPU
		{F95154FC-1ED1-C08C-4737-9D76670F4F50}.Release|Any CPU.ActiveCfg = Release|Any CPU
		{F95154FC-1ED1-C08C-4737-9D76670F4F50}.Release|Any CPU.Build.0 = Release|Any CPU
		{F50DF520-5B63-BC52-D50C-A753D20D2361}.Debug|Any CPU.ActiveCfg = Debug|Any CPU
		{F50DF520-5B63-BC52-D50C-A753D20D2361}.Debug|Any CPU.Build.0 = Debug|Any CPU
		{F50DF520-5B63-BC52-D50C-A753D20D2361}.Release|Any CPU.ActiveCfg = Release|Any CPU
		{F50DF520-5B63-BC52-D50C-A753D20D2361}.Release|Any CPU.Build.0 = Release|Any CPU
	EndGlobalSection
	GlobalSection(SolutionProperties) = preSolution
		HideSolutionNode = FALSE
	EndGlobalSection
EndGlobal
